
Microsoft Visual Studio Solution File, Format Version 12.00
# Visual Studio Version 16
VisualStudioVersion = 16.0.28803.352
MinimumVisualStudioVersion = 10.0.40219.1
Project("{FAE04EC0-301F-11D3-BF4B-00C04F79EFBC}") = "TestWeb", "TestWeb\TestWeb.csproj", "{A84D4F39-8081-42BE-8E4B-16C41BEEF4FC}"
EndProject
Global
	GlobalSection(SolutionConfigurationPlatforms) = preSolution
		Debug|Any CPU = Debug|Any CPU
		Release|Any CPU = Release|Any CPU
	EndGlobalSection
	GlobalSection(ProjectConfigurationPlatforms) = postSolution
		{A84D4F39-8081-42BE-8E4B-16C41BEEF4FC}.Debug|Any CPU.ActiveCfg = Debug|Any CPU
		{A84D4F39-8081-42BE-8E4B-16C41BEEF4FC}.Debug|Any CPU.Build.0 = Debug|Any CPU
		{A84D4F39-8081-42BE-8E4B-16C41BEEF4FC}.Release|Any CPU.ActiveCfg = Release|Any CPU
		{A84D4F39-8081-42BE-8E4B-16C41BEEF4FC}.Release|Any CPU.Build.0 = Release|Any CPU
	EndGlobalSection
	GlobalSection(SolutionProperties) = preSolution
		HideSolutionNode = FALSE
	EndGlobalSection
	GlobalSection(ExtensibilityGlobals) = postSolution
		SolutionGuid = {C0777DA7-A9C4-46C2-89AF-64F4227FBE6D}
	EndGlobalSection
EndGlobal
